{
  "requires": true,
  "lockfileVersion": 1,
  "dependencies": {
    "@types/jquery": {
      "version": "3.5.1",
      "resolved": "https://registry.npmjs.org/@types/jquery/-/jquery-3.5.1.tgz",
      "integrity": "sha512-Tyctjh56U7eX2b9udu3wG853ASYP0uagChJcQJXLUXEU6C/JiW5qt5dl8ao01VRj1i5pgXPAf8f1mq4+FDLRQg==",
      "dev": true,
      "requires": {
        "@types/sizzle": "*"
      }
    },
    "@types/sizzle": {
      "version": "2.3.2",
      "resolved": "https://registry.npmjs.org/@types/sizzle/-/sizzle-2.3.2.tgz",
      "integrity": "sha512-7EJYyKTL7tFR8+gDbB6Wwz/arpGa0Mywk1TJbNzKzHtzbwVmY4HR9WqS5VV7dsBUKQmPNr192jHr/VpBluj/hg==",
      "dev": true
    },
    "@types/socket.io-client": {
      "version": "1.4.33",
      "resolved": "https://registry.npmjs.org/@types/socket.io-client/-/socket.io-client-1.4.33.tgz",
      "integrity": "sha512-m4LnxkljsI9fMsjwpW5QhRpMixo2BeeLpFmg0AE+sS4H1pzAd/cs/ftTiL60FLZgfFa8PFRPx5KsHu8O0bADKQ==",
      "dev": true
    },
    "@types/tinymce": {
      "version": "4.5.24",
      "resolved": "https://registry.npmjs.org/@types/tinymce/-/tinymce-4.5.24.tgz",
      "integrity": "sha512-g2aFp+/GHTD6P2ZI2tBwZGIDi+64oocoDleCHtAWLYlFOR9fjPO+pdvmGjpJG3C7XeMZvugFx2NhRBL+Jb/wbQ==",
      "dev": true,
      "requires": {
        "@types/jquery": "*"
      }
    },
    "foundry-pc-types": {
      "version": "gitlab:foundry-projects/foundry-pc/foundry-pc-types#6ead51c20f4027a3ed0ce7ab474bb54a645269af",
      "from": "gitlab:foundry-projects/foundry-pc/foundry-pc-types",
      "dev": true,
      "requires": {
        "@types/jquery": "^3.3.31",
        "@types/socket.io-client": "^1.4.33",
        "@types/tinymce": "^4.5.24"
      }
    },
    "typescript": {
      "version": "4.0.2",
      "resolved": "https://registry.npmjs.org/typescript/-/typescript-4.0.2.tgz",
      "integrity": "sha512-e4ERvRV2wb+rRZ/IQeb3jm2VxBsirQLpQhdxplZ2MEzGvDkkMmPglecnNDfSUBivMjP93vRbngYYDQqQ/78bcQ==",
      "dev": true
    }
  }
}
